{
  "name": "hw04_js",
  "version": "1.0.0",
  "lockfileVersion": 2,
  "requires": true,
  "packages": {
    "": {
      "name": "hw04_js",
      "version": "1.0.0",
      "license": "ISC",
      "dependencies": {
        "password-hash": "^1.2.2"
      }
    },
    "node_modules/password-hash": {
      "version": "1.2.2",
      "resolved": "https://registry.npmjs.org/password-hash/-/password-hash-1.2.2.tgz",
      "integrity": "sha512-Dy/5+Srojwv+1XnMrK2bn7f2jN3k2p90DfBVA0Zd6PrjWF7lXHOTWgKT4uBp1gIsqV7/llYqm+hj+gwDBF/Fmg==",
      "bin": {
        "nodepw": "bin/nodepw"
      },
      "engines": {
        "node": ">= 0.4.0"
      }
    }
  },
  "dependencies": {
    "password-hash": {
      "version": "1.2.2",
      "resolved": "https://registry.npmjs.org/password-hash/-/password-hash-1.2.2.tgz",
      "integrity": "sha512-Dy/5+Srojwv+1XnMrK2bn7f2jN3k2p90DfBVA0Zd6PrjWF7lXHOTWgKT4uBp1gIsqV7/llYqm+hj+gwDBF/Fmg=="
    }
  }
}
